# THIS IS AN AUTOGENERATED FILE. DO NOT EDIT THIS FILE DIRECTLY.
# yarn lockfile v1


"@capacitor/camera@^6.0.0":
  version "6.0.0"
  resolved "https://registry.yarnpkg.com/@capacitor/camera/-/camera-6.0.0.tgz#c4f82d499d836fc9b9de935adac8de36bce52cc4"
  integrity sha512-AZ/gfVPC3lsKbk9/yHI60ygNyOkN5jsCb4bHxXFbW0bss3XYtR/J1XWFJGkFNiRErNnTz6jnDrhsGCr7+JPfiA==

"@ionic/pwa-elements@^3.3.0":
  version "3.3.0"
  resolved "https://registry.yarnpkg.com/@ionic/pwa-elements/-/pwa-elements-3.3.0.tgz#971c806ebe410c677740f9e4b32bbf26ac29bb93"
  integrity sha512-vbykpxd2nGRlA67AnqDwsiVf8PUmInLyi6lQdnPDjeiML1WZa0CPe6r632nGDV9PTi+sWNde9Xexg9SD6Pwyqw==

swiper@^11.1.1:
  version "11.1.4"
  resolved "https://registry.yarnpkg.com/swiper/-/swiper-11.1.4.tgz#2f8e303e8bf9e5bc40a3885fc637ae60ff27996c"
  integrity sha512-1n7kbYJB2dFEpUHRFszq7gys/ofIBrMNibwTiMvPHwneKND/t9kImnHt6CfGPScMHgI+dWMbGTycCKGMoOO1KA==
